
Microsoft Visual Studio Solution File, Format Version 12.00
# Visual Studio Version 17
VisualStudioVersion = 17.2.32314.265
MinimumVisualStudioVersion = 10.0.40219.1
Project("{FAE04EC0-301F-11D3-BF4B-00C04F79EFBC}") = "ComponentsTree", "ComponentsTree\ComponentsTree.csproj", "{7C9F5D33-35C6-4A28-9487-7571194490A6}"
EndProject
Project("{FAE04EC0-301F-11D3-BF4B-00C04F79EFBC}") = "Models", "Models\Models.csproj", "{47B3FB13-C175-45B7-AF45-49F871C2688C}"
EndProject
Project("{FAE04EC0-301F-11D3-BF4B-00C04F79EFBC}") = "SeparateAllegroSpb", "SeparateAllegroSpb\SeparateAllegroSpb.csproj", "{E4DBF25D-DC8E-47B3-830B-E9B10EBF44BA}"
EndProject
Project("{FAE04EC0-301F-11D3-BF4B-00C04F79EFBC}") = "ExportExcel", "ExportExcel\ExportExcel.csproj", "{2BA037D6-057F-4BD4-99D7-F7D950681145}"
EndProject
Project("{FAE04EC0-301F-11D3-BF4B-00C04F79EFBC}") = "CustomControls", "CustomControls\CustomControls.csproj", "{968DDA7C-F9CF-4F59-A6BA-2356ECB795AA}"
EndProject
Project("{FAE04EC0-301F-11D3-BF4B-00C04F79EFBC}") = "SeparateAltium", "SeparateAltium\SeparateAltium.csproj", "{77BE81D9-8137-46F9-9C14-38D1C4ED06BF}"
EndProject
Global
	GlobalSection(SolutionConfigurationPlatforms) = preSolution
		Debug|Any CPU = Debug|Any CPU
		Release|Any CPU = Release|Any CPU
	EndGlobalSection
	GlobalSection(ProjectConfigurationPlatforms) = postSolution
		{7C9F5D33-35C6-4A28-9487-7571194490A6}.Debug|Any CPU.ActiveCfg = Debug|Any CPU
		{7C9F5D33-35C6-4A28-9487-7571194490A6}.Debug|Any CPU.Build.0 = Debug|Any CPU
		{7C9F5D33-35C6-4A28-9487-7571194490A6}.Release|Any CPU.ActiveCfg = Release|Any CPU
		{7C9F5D33-35C6-4A28-9487-7571194490A6}.Release|Any CPU.Build.0 = Release|Any CPU
		{47B3FB13-C175-45B7-AF45-49F871C2688C}.Debug|Any CPU.ActiveCfg = Debug|Any CPU
		{47B3FB13-C175-45B7-AF45-49F871C2688C}.Debug|Any CPU.Build.0 = Debug|Any CPU
		{47B3FB13-C175-45B7-AF45-49F871C2688C}.Release|Any CPU.ActiveCfg = Release|Any CPU
		{47B3FB13-C175-45B7-AF45-49F871C2688C}.Release|Any CPU.Build.0 = Release|Any CPU
		{E4DBF25D-DC8E-47B3-830B-E9B10EBF44BA}.Debug|Any CPU.ActiveCfg = Debug|Any CPU
		{E4DBF25D-DC8E-47B3-830B-E9B10EBF44BA}.Debug|Any CPU.Build.0 = Debug|Any CPU
		{E4DBF25D-DC8E-47B3-830B-E9B10EBF44BA}.Release|Any CPU.ActiveCfg = Release|Any CPU
		{E4DBF25D-DC8E-47B3-830B-E9B10EBF44BA}.Release|Any CPU.Build.0 = Release|Any CPU
		{2BA037D6-057F-4BD4-99D7-F7D950681145}.Debug|Any CPU.ActiveCfg = Debug|Any CPU
		{2BA037D6-057F-4BD4-99D7-F7D950681145}.Debug|Any CPU.Build.0 = Debug|Any CPU
		{2BA037D6-057F-4BD4-99D7-F7D950681145}.Release|Any CPU.ActiveCfg = Release|Any CPU
		{2BA037D6-057F-4BD4-99D7-F7D950681145}.Release|Any CPU.Build.0 = Release|Any CPU
		{968DDA7C-F9CF-4F59-A6BA-2356ECB795AA}.Debug|Any CPU.ActiveCfg = Debug|Any CPU
		{968DDA7C-F9CF-4F59-A6BA-2356ECB795AA}.Debug|Any CPU.Build.0 = Debug|Any CPU
		{968DDA7C-F9CF-4F59-A6BA-2356ECB795AA}.Release|Any CPU.ActiveCfg = Release|Any CPU
		{968DDA7C-F9CF-4F59-A6BA-2356ECB795AA}.Release|Any CPU.Build.0 = Release|Any CPU
		{77BE81D9-8137-46F9-9C14-38D1C4ED06BF}.Debug|Any CPU.ActiveCfg = Debug|Any CPU
		{77BE81D9-8137-46F9-9C14-38D1C4ED06BF}.Debug|Any CPU.Build.0 = Debug|Any CPU
		{77BE81D9-8137-46F9-9C14-38D1C4ED06BF}.Release|Any CPU.ActiveCfg = Release|Any CPU
		{77BE81D9-8137-46F9-9C14-38D1C4ED06BF}.Release|Any CPU.Build.0 = Release|Any CPU
	EndGlobalSection
	GlobalSection(SolutionProperties) = preSolution
		HideSolutionNode = FALSE
	EndGlobalSection
	GlobalSection(ExtensibilityGlobals) = postSolution
		SolutionGuid = {9A44F4ED-D334-452C-AA2D-2E3EB9AEBFD8}
	EndGlobalSection
EndGlobal
